
Microsoft Visual Studio Solution File, Format Version 12.00
# Visual Studio Version 16
VisualStudioVersion = 16.0.31205.134
MinimumVisualStudioVersion = 10.0.40219.1
Project("{FAE04EC0-301F-11D3-BF4B-00C04F79EFBC}") = "MvcMovie", "MvcMovie\MvcMovie.csproj", "{40426E39-31E2-472C-B1C5-D2654BAF497A}"
EndProject
Global
	GlobalSection(SolutionConfigurationPlatforms) = preSolution
		Debug|Any CPU = Debug|Any CPU
		Release|Any CPU = Release|Any CPU
	EndGlobalSection
	GlobalSection(ProjectConfigurationPlatforms) = postSolution
		{40426E39-31E2-472C-B1C5-D2654BAF497A}.Debug|Any CPU.ActiveCfg = Debug|Any CPU
		{40426E39-31E2-472C-B1C5-D2654BAF497A}.Debug|Any CPU.Build.0 = Debug|Any CPU
		{40426E39-31E2-472C-B1C5-D2654BAF497A}.Release|Any CPU.ActiveCfg = Release|Any CPU
		{40426E39-31E2-472C-B1C5-D2654BAF497A}.Release|Any CPU.Build.0 = Release|Any CPU
	EndGlobalSection
	GlobalSection(SolutionProperties) = preSolution
		HideSolutionNode = FALSE
	EndGlobalSection
	GlobalSection(ExtensibilityGlobals) = postSolution
		SolutionGuid = {748AE8D7-DC47-4C64-8223-DDA527EA02A9}
	EndGlobalSection
EndGlobal
